{
  "name": "core",
  "version": "0.0.0",
  "lockfileVersion": 3,
  "requires": true,
  "packages": {
    "": {
      "name": "core",
      "version": "0.0.0",
      "license": "SEE LICENSE IN LICENSE",
      "dependencies": {
        "@diffusionstudio/core": "^1.0.0-beta.11"
      },
      "devDependencies": {
        "@types/wicg-file-system-access": "^2023.10.5",
        "typescript": "^5.5.3",
        "vite": "^5.4.0",
        "vite-plugin-dynamic-import": "^1.5.0"
      },
      "optionalDependencies": {
        "@rollup/rollup-linux-x64-gnu": "4.9.5"
      }
    },
    "node_modules/@diffusionstudio/core": {
      "version": "1.0.0-beta.11",
      "resolved": "https://registry.npmjs.org/@diffusionstudio/core/-/core-1.0.0-beta.11.tgz",
      "integrity": "sha512-VQAlO2oVvASk447PUXko4nEDH1s5OXhKTUT2TxnSA4cUk/Cpt+J3HczGwgQHAb9m3N056iKB+ElvKWDRzHV4Uw==",
      "license": "SEE LICENSE IN LICENSE",
      "dependencies": {
        "mp4-muxer": "^4.3.3"
      },
      "peerDependencies": {
        "pixi-filters": ">=6.0.0",
        "pixi.js": ">=8.0.0"
      }
    },
    "node_modules/@esbuild/darwin-arm64": {
      "version": "0.21.5",
      "cpu": [
        "arm64"
      ],
      "dev": true,
      "license": "MIT",
      "optional": true,
      "os": [
        "darwin"
      ],
      "engines": {
        "node": ">=12"
      }
    },
    "node_modules/@jridgewell/sourcemap-codec": {
      "version": "1.5.0",
      "resolved": "https://registry.npmjs.org/@jridgewell/sourcemap-codec/-/sourcemap-codec-1.5.0.tgz",
      "integrity": "sha512-gv3ZRaISU3fjPAgNsriBRqGWQL6quFx04YMPW/zD8XMLsU32mhCCbfbO6KZFLjvYpCZ8zyDEgqsgf+PwPaM7GQ==",
      "dev": true,
      "license": "MIT"
    },
    "node_modules/@nodelib/fs.scandir": {
      "version": "2.1.5",
      "resolved": "https://registry.npmjs.org/@nodelib/fs.scandir/-/fs.scandir-2.1.5.tgz",
      "integrity": "sha512-vq24Bq3ym5HEQm2NKCr3yXDwjc7vTsEThRDnkp2DK9p1uqLR+DHurm/NOTo0KG7HYHU7eppKZj3MyqYuMBf62g==",
      "dev": true,
      "license": "MIT",
      "dependencies": {
        "@nodelib/fs.stat": "2.0.5",
        "run-parallel": "^1.1.9"
      },
      "engines": {
        "node": ">= 8"
      }
    },
    "node_modules/@nodelib/fs.stat": {
      "version": "2.0.5",
      "resolved": "https://registry.npmjs.org/@nodelib/fs.stat/-/fs.stat-2.0.5.tgz",
      "integrity": "sha512-RkhPPp2zrqDAQA/2jNhnztcPAlv64XdhIp7a7454A5ovI7Bukxgt7MX7udwAu3zg1DcpPU0rz3VV1SeaqvY4+A==",
      "dev": true,
      "license": "MIT",
      "engines": {
        "node": ">= 8"
      }
    },
    "node_modules/@nodelib/fs.walk": {
      "version": "1.2.8",
      "resolved": "https://registry.npmjs.org/@nodelib/fs.walk/-/fs.walk-1.2.8.tgz",
      "integrity": "sha512-oGB+UxlgWcgQkgwo8GcEGwemoTFt3FIO9ababBmaGwXIoBKZ+GTy0pP185beGg7Llih/NSHSV2XAs1lnznocSg==",
      "dev": true,
      "license": "MIT",
      "dependencies": {
        "@nodelib/fs.scandir": "2.1.5",
        "fastq": "^1.6.0"
      },
      "engines": {
        "node": ">= 8"
      }
    },
    "node_modules/@pixi/colord": {
      "version": "2.9.6",
      "resolved": "https://registry.npmjs.org/@pixi/colord/-/colord-2.9.6.tgz",
      "integrity": "sha512-nezytU2pw587fQstUu1AsJZDVEynjskwOL+kibwcdxsMBFqPsFFNA7xl0ii/gXuDi6M0xj3mfRJj8pBSc2jCfA==",
      "license": "MIT",
      "peer": true
    },
    "node_modules/@rollup/rollup-android-arm-eabi": {
      "version": "4.20.0",
      "resolved": "https://registry.npmjs.org/@rollup/rollup-android-arm-eabi/-/rollup-android-arm-eabi-4.20.0.tgz",
      "integrity": "sha512-TSpWzflCc4VGAUJZlPpgAJE1+V60MePDQnBd7PPkpuEmOy8i87aL6tinFGKBFKuEDikYpig72QzdT3QPYIi+oA==",
      "cpu": [
        "arm"
      ],
      "dev": true,
      "license": "MIT",
      "optional": true,
      "os": [
        "android"
      ]
    },
    "node_modules/@rollup/rollup-android-arm64": {
      "version": "4.20.0",
      "resolved": "https://registry.npmjs.org/@rollup/rollup-android-arm64/-/rollup-android-arm64-4.20.0.tgz",
      "integrity": "sha512-u00Ro/nok7oGzVuh/FMYfNoGqxU5CPWz1mxV85S2w9LxHR8OoMQBuSk+3BKVIDYgkpeOET5yXkx90OYFc+ytpQ==",
      "cpu": [
        "arm64"
      ],
      "dev": true,
      "license": "MIT",
      "optional": true,
      "os": [
        "android"
      ]
    },
    "node_modules/@rollup/rollup-darwin-arm64": {
      "version": "4.20.0",
      "cpu": [
        "arm64"
      ],
      "dev": true,
      "license": "MIT",
      "optional": true,
      "os": [
        "darwin"
      ]
    },
    "node_modules/@rollup/rollup-darwin-x64": {
      "version": "4.20.0",
      "resolved": "https://registry.npmjs.org/@rollup/rollup-darwin-x64/-/rollup-darwin-x64-4.20.0.tgz",
      "integrity": "sha512-xbrMDdlev53vNXexEa6l0LffojxhqDTBeL+VUxuuIXys4x6xyvbKq5XqTXBCEUA8ty8iEJblHvFaWRJTk/icAQ==",
      "cpu": [
        "x64"
      ],
      "dev": true,
      "license": "MIT",
      "optional": true,
      "os": [
        "darwin"
      ]
    },
    "node_modules/@rollup/rollup-linux-arm-gnueabihf": {
      "version": "4.20.0",
      "resolved": "https://registry.npmjs.org/@rollup/rollup-linux-arm-gnueabihf/-/rollup-linux-arm-gnueabihf-4.20.0.tgz",
      "integrity": "sha512-jMYvxZwGmoHFBTbr12Xc6wOdc2xA5tF5F2q6t7Rcfab68TT0n+r7dgawD4qhPEvasDsVpQi+MgDzj2faOLsZjA==",
      "cpu": [
        "arm"
      ],
      "dev": true,
      "license": "MIT",
      "optional": true,
      "os": [
        "linux"
      ]
    },
    "node_modules/@rollup/rollup-linux-arm-musleabihf": {
      "version": "4.20.0",
      "resolved": "https://registry.npmjs.org/@rollup/rollup-linux-arm-musleabihf/-/rollup-linux-arm-musleabihf-4.20.0.tgz",
      "integrity": "sha512-1asSTl4HKuIHIB1GcdFHNNZhxAYEdqML/MW4QmPS4G0ivbEcBr1JKlFLKsIRqjSwOBkdItn3/ZDlyvZ/N6KPlw==",
      "cpu": [
        "arm"
      ],
      "dev": true,
      "license": "MIT",
      "optional": true,
      "os": [
        "linux"
      ]
    },
    "node_modules/@rollup/rollup-linux-arm64-gnu": {
      "version": "4.20.0",
      "resolved": "https://registry.npmjs.org/@rollup/rollup-linux-arm64-gnu/-/rollup-linux-arm64-gnu-4.20.0.tgz",
      "integrity": "sha512-COBb8Bkx56KldOYJfMf6wKeYJrtJ9vEgBRAOkfw6Ens0tnmzPqvlpjZiLgkhg6cA3DGzCmLmmd319pmHvKWWlQ==",
      "cpu": [
        "arm64"
      ],
      "dev": true,
      "license": "MIT",
      "optional": true,
      "os": [
        "linux"
      ]
    },
    "node_modules/@rollup/rollup-linux-arm64-musl": {
      "version": "4.20.0",
      "resolved": "https://registry.npmjs.org/@rollup/rollup-linux-arm64-musl/-/rollup-linux-arm64-musl-4.20.0.tgz",
      "integrity": "sha512-+it+mBSyMslVQa8wSPvBx53fYuZK/oLTu5RJoXogjk6x7Q7sz1GNRsXWjn6SwyJm8E/oMjNVwPhmNdIjwP135Q==",
      "cpu": [
        "arm64"
      ],
      "dev": true,
      "license": "MIT",
      "optional": true,
      "os": [
        "linux"
      ]
    },
    "node_modules/@rollup/rollup-linux-powerpc64le-gnu": {
      "version": "4.20.0",
      "resolved": "https://registry.npmjs.org/@rollup/rollup-linux-powerpc64le-gnu/-/rollup-linux-powerpc64le-gnu-4.20.0.tgz",
      "integrity": "sha512-yAMvqhPfGKsAxHN8I4+jE0CpLWD8cv4z7CK7BMmhjDuz606Q2tFKkWRY8bHR9JQXYcoLfopo5TTqzxgPUjUMfw==",
      "cpu": [
        "ppc64"
      ],
      "dev": true,
      "license": "MIT",
      "optional": true,
      "os": [
        "linux"
      ]
    },
    "node_modules/@rollup/rollup-linux-riscv64-gnu": {
      "version": "4.20.0",
      "resolved": "https://registry.npmjs.org/@rollup/rollup-linux-riscv64-gnu/-/rollup-linux-riscv64-gnu-4.20.0.tgz",
      "integrity": "sha512-qmuxFpfmi/2SUkAw95TtNq/w/I7Gpjurx609OOOV7U4vhvUhBcftcmXwl3rqAek+ADBwSjIC4IVNLiszoj3dPA==",
      "cpu": [
        "riscv64"
      ],
      "dev": true,
      "license": "MIT",
      "optional": true,
      "os": [
        "linux"
      ]
    },
    "node_modules/@rollup/rollup-linux-s390x-gnu": {
      "version": "4.20.0",
      "resolved": "https://registry.npmjs.org/@rollup/rollup-linux-s390x-gnu/-/rollup-linux-s390x-gnu-4.20.0.tgz",
      "integrity": "sha512-I0BtGXddHSHjV1mqTNkgUZLnS3WtsqebAXv11D5BZE/gfw5KoyXSAXVqyJximQXNvNzUo4GKlCK/dIwXlz+jlg==",
      "cpu": [
        "s390x"
      ],
      "dev": true,
      "license": "MIT",
      "optional": true,
      "os": [
        "linux"
      ]
    },
    "node_modules/@rollup/rollup-linux-x64-gnu": {
      "version": "4.9.5",
      "resolved": "https://registry.npmjs.org/@rollup/rollup-linux-x64-gnu/-/rollup-linux-x64-gnu-4.9.5.tgz",
      "integrity": "sha512-Dq1bqBdLaZ1Gb/l2e5/+o3B18+8TI9ANlA1SkejZqDgdU/jK/ThYaMPMJpVMMXy2uRHvGKbkz9vheVGdq3cJfA==",
      "cpu": [
        "x64"
      ],
      "license": "MIT",
      "optional": true,
      "os": [
        "linux"
      ]
    },
    "node_modules/@rollup/rollup-linux-x64-musl": {
      "version": "4.20.0",
      "resolved": "https://registry.npmjs.org/@rollup/rollup-linux-x64-musl/-/rollup-linux-x64-musl-4.20.0.tgz",
      "integrity": "sha512-hM3nhW40kBNYUkZb/r9k2FKK+/MnKglX7UYd4ZUy5DJs8/sMsIbqWK2piZtVGE3kcXVNj3B2IrUYROJMMCikNg==",
      "cpu": [
        "x64"
      ],
      "dev": true,
      "license": "MIT",
      "optional": true,
      "os": [
        "linux"
      ]
    },
    "node_modules/@rollup/rollup-win32-arm64-msvc": {
      "version": "4.20.0",
      "resolved": "https://registry.npmjs.org/@rollup/rollup-win32-arm64-msvc/-/rollup-win32-arm64-msvc-4.20.0.tgz",
      "integrity": "sha512-psegMvP+Ik/Bg7QRJbv8w8PAytPA7Uo8fpFjXyCRHWm6Nt42L+JtoqH8eDQ5hRP7/XW2UiIriy1Z46jf0Oa1kA==",
      "cpu": [
        "arm64"
      ],
      "dev": true,
      "license": "MIT",
      "optional": true,
      "os": [
        "win32"
      ]
    },
    "node_modules/@rollup/rollup-win32-ia32-msvc": {
      "version": "4.20.0",
      "resolved": "https://registry.npmjs.org/@rollup/rollup-win32-ia32-msvc/-/rollup-win32-ia32-msvc-4.20.0.tgz",
      "integrity": "sha512-GabekH3w4lgAJpVxkk7hUzUf2hICSQO0a/BLFA11/RMxQT92MabKAqyubzDZmMOC/hcJNlc+rrypzNzYl4Dx7A==",
      "cpu": [
        "ia32"
      ],
      "dev": true,
      "license": "MIT",
      "optional": true,
      "os": [
        "win32"
      ]
    },
    "node_modules/@rollup/rollup-win32-x64-msvc": {
      "version": "4.20.0",
      "resolved": "https://registry.npmjs.org/@rollup/rollup-win32-x64-msvc/-/rollup-win32-x64-msvc-4.20.0.tgz",
      "integrity": "sha512-aJ1EJSuTdGnM6qbVC4B5DSmozPTqIag9fSzXRNNo+humQLG89XpPgdt16Ia56ORD7s+H8Pmyx44uczDQ0yDzpg==",
      "cpu": [
        "x64"
      ],
      "dev": true,
      "license": "MIT",
      "optional": true,
      "os": [
        "win32"
      ]
    },
    "node_modules/@types/css-font-loading-module": {
      "version": "0.0.12",
      "resolved": "https://registry.npmjs.org/@types/css-font-loading-module/-/css-font-loading-module-0.0.12.tgz",
      "integrity": "sha512-x2tZZYkSxXqWvTDgveSynfjq/T2HyiZHXb00j/+gy19yp70PHCizM48XFdjBCWH7eHBD0R5i/pw9yMBP/BH5uA==",
      "license": "MIT",
      "peer": true
    },
    "node_modules/@types/dom-webcodecs": {
      "version": "0.1.11",
      "resolved": "https://registry.npmjs.org/@types/dom-webcodecs/-/dom-webcodecs-0.1.11.tgz",
      "integrity": "sha512-yPEZ3z7EohrmOxbk/QTAa0yonMFkNkjnVXqbGb7D4rMr+F1dGQ8ZUFxXkyLLJuiICPejZ0AZE9Rrk9wUCczx4A==",
      "license": "MIT"
    },
    "node_modules/@types/earcut": {
      "version": "2.1.4",
      "resolved": "https://registry.npmjs.org/@types/earcut/-/earcut-2.1.4.tgz",
      "integrity": "sha512-qp3m9PPz4gULB9MhjGID7wpo3gJ4bTGXm7ltNDsmOvsPduTeHp8wSW9YckBj3mljeOh4F0m2z/0JKAALRKbmLQ==",
      "license": "MIT",
      "peer": true
    },
    "node_modules/@types/estree": {
      "version": "1.0.5",
      "dev": true,
      "license": "MIT"
    },
    "node_modules/@types/gradient-parser": {
      "version": "0.1.5",
      "resolved": "https://registry.npmjs.org/@types/gradient-parser/-/gradient-parser-0.1.5.tgz",
      "integrity": "sha512-r7K3NkJz3A95WkVVmjs0NcchhHstC2C/VIYNX4JC6tieviUNo774FFeOHjThr3Vw/WCeMP9kAT77MKbIRlO/4w==",
      "license": "MIT",
      "peer": true
    },
    "node_modules/@types/wicg-file-system-access": {
      "version": "2023.10.5",
      "resolved": "https://registry.npmjs.org/@types/wicg-file-system-access/-/wicg-file-system-access-2023.10.5.tgz",
      "integrity": "sha512-e9kZO9kCdLqT2h9Tw38oGv9UNzBBWaR1MzuAavxPcsV/7FJ3tWbU6RI3uB+yKIDPGLkGVbplS52ub0AcRLvrhA==",
      "dev": true,
      "license": "MIT"
    },
    "node_modules/@webgpu/types": {
      "version": "0.1.44",
      "resolved": "https://registry.npmjs.org/@webgpu/types/-/types-0.1.44.tgz",
      "integrity": "sha512-JDpYJN5E/asw84LTYhKyvPpxGnD+bAKPtpW9Ilurf7cZpxaTbxkQcGwOd7jgB9BPBrTYQ+32ufo4HiuomTjHNQ==",
      "license": "BSD-3-Clause",
      "peer": true
    },
    "node_modules/@xmldom/xmldom": {
      "version": "0.8.10",
      "resolved": "https://registry.npmjs.org/@xmldom/xmldom/-/xmldom-0.8.10.tgz",
      "integrity": "sha512-2WALfTl4xo2SkGCYRt6rDTFfk9R1czmBvUQy12gK2KuRKIpWEhcbbzy8EZXtz/jkRqHX8bFEc6FC1HjX4TUWYw==",
      "license": "MIT",
      "peer": true,
      "engines": {
        "node": ">=10.0.0"
      }
    },
    "node_modules/acorn": {
      "version": "8.12.1",
      "resolved": "https://registry.npmjs.org/acorn/-/acorn-8.12.1.tgz",
      "integrity": "sha512-tcpGyI9zbizT9JbV6oYE477V6mTlXvvi0T0G3SNIYE2apm/G5huBa1+K89VGeovbg+jycCrfhl3ADxErOuO6Jg==",
      "dev": true,
      "license": "MIT",
      "bin": {
        "acorn": "bin/acorn"
      },
      "engines": {
        "node": ">=0.4.0"
      }
    },
    "node_modules/braces": {
      "version": "3.0.3",
      "resolved": "https://registry.npmjs.org/braces/-/braces-3.0.3.tgz",
      "integrity": "sha512-yQbXgO/OSZVD2IsiLlro+7Hf6Q18EJrKSEsdoMzKePKXct3gvD8oLcOQdIzGupr5Fj+EDe8gO/lxc1BzfMpxvA==",
      "dev": true,
      "license": "MIT",
      "dependencies": {
        "fill-range": "^7.1.1"
      },
      "engines": {
        "node": ">=8"
      }
    },
    "node_modules/earcut": {
      "version": "2.2.4",
      "resolved": "https://registry.npmjs.org/earcut/-/earcut-2.2.4.tgz",
      "integrity": "sha512-/pjZsA1b4RPHbeWZQn66SWS8nZZWLQQ23oE3Eam7aroEFGEvwKAsJfZ9ytiEMycfzXWpca4FA9QIOehf7PocBQ==",
      "license": "ISC",
      "peer": true
    },
    "node_modules/es-module-lexer": {
      "version": "1.5.4",
      "resolved": "https://registry.npmjs.org/es-module-lexer/-/es-module-lexer-1.5.4.tgz",
      "integrity": "sha512-MVNK56NiMrOwitFB7cqDwq0CQutbw+0BvLshJSse0MUNU+y1FC3bUS/AQg7oUng+/wKrrki7JfmwtVHkVfPLlw==",
      "dev": true,
      "license": "MIT"
    },
    "node_modules/esbuild": {
      "version": "0.21.5",
      "dev": true,
      "hasInstallScript": true,
      "license": "MIT",
      "bin": {
        "esbuild": "bin/esbuild"
      },
      "engines": {
        "node": ">=12"
      },
      "optionalDependencies": {
        "@esbuild/aix-ppc64": "0.21.5",
        "@esbuild/android-arm": "0.21.5",
        "@esbuild/android-arm64": "0.21.5",
        "@esbuild/android-x64": "0.21.5",
        "@esbuild/darwin-arm64": "0.21.5",
        "@esbuild/darwin-x64": "0.21.5",
        "@esbuild/freebsd-arm64": "0.21.5",
        "@esbuild/freebsd-x64": "0.21.5",
        "@esbuild/linux-arm": "0.21.5",
        "@esbuild/linux-arm64": "0.21.5",
        "@esbuild/linux-ia32": "0.21.5",
        "@esbuild/linux-loong64": "0.21.5",
        "@esbuild/linux-mips64el": "0.21.5",
        "@esbuild/linux-ppc64": "0.21.5",
        "@esbuild/linux-riscv64": "0.21.5",
        "@esbuild/linux-s390x": "0.21.5",
        "@esbuild/linux-x64": "0.21.5",
        "@esbuild/netbsd-x64": "0.21.5",
        "@esbuild/openbsd-x64": "0.21.5",
        "@esbuild/sunos-x64": "0.21.5",
        "@esbuild/win32-arm64": "0.21.5",
        "@esbuild/win32-ia32": "0.21.5",
        "@esbuild/win32-x64": "0.21.5"
      }
    },
    "node_modules/eventemitter3": {
      "version": "5.0.1",
      "resolved": "https://registry.npmjs.org/eventemitter3/-/eventemitter3-5.0.1.tgz",
      "integrity": "sha512-GWkBvjiSZK87ELrYOSESUYeVIc9mvLLf/nXalMOS5dYrgZq9o5OVkbZAVM06CVxYsCwH9BDZFPlQTlPA1j4ahA==",
      "license": "MIT",
      "peer": true
    },
    "node_modules/fast-glob": {
      "version": "3.3.2",
      "resolved": "https://registry.npmjs.org/fast-glob/-/fast-glob-3.3.2.tgz",
      "integrity": "sha512-oX2ruAFQwf/Orj8m737Y5adxDQO0LAB7/S5MnxCdTNDd4p6BsyIVsv9JQsATbTSq8KHRpLwIHbVlUNatxd+1Ow==",
      "dev": true,
      "license": "MIT",
      "dependencies": {
        "@nodelib/fs.stat": "^2.0.2",
        "@nodelib/fs.walk": "^1.2.3",
        "glob-parent": "^5.1.2",
        "merge2": "^1.3.0",
        "micromatch": "^4.0.4"
      },
      "engines": {
        "node": ">=8.6.0"
      }
    },
    "node_modules/fastq": {
      "version": "1.17.1",
      "resolved": "https://registry.npmjs.org/fastq/-/fastq-1.17.1.tgz",
      "integrity": "sha512-sRVD3lWVIXWg6By68ZN7vho9a1pQcN/WBFaAAsDDFzlJjvoGx0P8z7V1t72grFJfJhu3YPZBuu25f7Kaw2jN1w==",
      "dev": true,
      "license": "ISC",
      "dependencies": {
        "reusify": "^1.0.4"
      }
    },
    "node_modules/fill-range": {
      "version": "7.1.1",
      "resolved": "https://registry.npmjs.org/fill-range/-/fill-range-7.1.1.tgz",
      "integrity": "sha512-YsGpe3WHLK8ZYi4tWDg2Jy3ebRz2rXowDxnld4bkQB00cc/1Zw9AWnC0i9ztDJitivtQvaI9KaLyKrc+hBW0yg==",
      "dev": true,
      "license": "MIT",
      "dependencies": {
        "to-regex-range": "^5.0.1"
      },
      "engines": {
        "node": ">=8"
      }
    },
    "node_modules/fsevents": {
      "version": "2.3.3",
      "dev": true,
      "license": "MIT",
      "optional": true,
      "os": [
        "darwin"
      ],
      "engines": {
        "node": "^8.16.0 || ^10.6.0 || >=11.0.0"
      }
    },
    "node_modules/glob-parent": {
      "version": "5.1.2",
      "resolved": "https://registry.npmjs.org/glob-parent/-/glob-parent-5.1.2.tgz",
      "integrity": "sha512-AOIgSQCepiJYwP3ARnGx+5VnTu2HBYdzbGP45eLw1vr3zB3vZLeyed1sC9hnbcOc9/SrMyM5RPQrkGz4aS9Zow==",
      "dev": true,
      "license": "ISC",
      "dependencies": {
        "is-glob": "^4.0.1"
      },
      "engines": {
        "node": ">= 6"
      }
    },
    "node_modules/is-extglob": {
      "version": "2.1.1",
      "resolved": "https://registry.npmjs.org/is-extglob/-/is-extglob-2.1.1.tgz",
      "integrity": "sha512-SbKbANkN603Vi4jEZv49LeVJMn4yGwsbzZworEoyEiutsN3nJYdbO36zfhGJ6QEDpOZIFkDtnq5JRxmvl3jsoQ==",
      "dev": true,
      "license": "MIT",
      "engines": {
        "node": ">=0.10.0"
      }
    },
    "node_modules/is-glob": {
      "version": "4.0.3",
      "resolved": "https://registry.npmjs.org/is-glob/-/is-glob-4.0.3.tgz",
      "integrity": "sha512-xelSayHH36ZgE7ZWhli7pW34hNbNl8Ojv5KVmkJD4hBdD3th8Tfk9vYasLM+mXWOZhFkgZfxhLSnrwRr4elSSg==",
      "dev": true,
      "license": "MIT",
      "dependencies": {
        "is-extglob": "^2.1.1"
      },
      "engines": {
        "node": ">=0.10.0"
      }
    },
    "node_modules/is-number": {
      "version": "7.0.0",
      "resolved": "https://registry.npmjs.org/is-number/-/is-number-7.0.0.tgz",
      "integrity": "sha512-41Cifkg6e8TylSpdtTpeLVMqvSBEVzTttHvERD741+pnZ8ANv0004MRL43QKPDlK9cGvNp6NZWZUBlbGXYxxng==",
      "dev": true,
      "license": "MIT",
      "engines": {
        "node": ">=0.12.0"
      }
    },
    "node_modules/ismobilejs": {
      "version": "1.1.1",
      "resolved": "https://registry.npmjs.org/ismobilejs/-/ismobilejs-1.1.1.tgz",
      "integrity": "sha512-VaFW53yt8QO61k2WJui0dHf4SlL8lxBofUuUmwBo0ljPk0Drz2TiuDW4jo3wDcv41qy/SxrJ+VAzJ/qYqsmzRw==",
      "license": "MIT",
      "peer": true
    },
    "node_modules/magic-string": {
      "version": "0.30.11",
      "resolved": "https://registry.npmjs.org/magic-string/-/magic-string-0.30.11.tgz",
      "integrity": "sha512-+Wri9p0QHMy+545hKww7YAu5NyzF8iomPL/RQazugQ9+Ez4Ic3mERMd8ZTX5rfK944j+560ZJi8iAwgak1Ac7A==",
      "dev": true,
      "license": "MIT",
      "dependencies": {
        "@jridgewell/sourcemap-codec": "^1.5.0"
      }
    },
    "node_modules/merge2": {
      "version": "1.4.1",
      "resolved": "https://registry.npmjs.org/merge2/-/merge2-1.4.1.tgz",
      "integrity": "sha512-8q7VEgMJW4J8tcfVPy8g09NcQwZdbwFEqhe/WZkoIzjn/3TGDwtOCYtXGxA3O8tPzpczCCDgv+P2P5y00ZJOOg==",
      "dev": true,
      "license": "MIT",
      "engines": {
        "node": ">= 8"
      }
    },
    "node_modules/micromatch": {
      "version": "4.0.7",
      "resolved": "https://registry.npmjs.org/micromatch/-/micromatch-4.0.7.tgz",
      "integrity": "sha512-LPP/3KorzCwBxfeUuZmaR6bG2kdeHSbe0P2tY3FLRU4vYrjYz5hI4QZwV0njUx3jeuKe67YukQ1LSPZBKDqO/Q==",
      "dev": true,
      "license": "MIT",
      "dependencies": {
        "braces": "^3.0.3",
        "picomatch": "^2.3.1"
      },
      "engines": {
        "node": ">=8.6"
      }
    },
    "node_modules/mp4-muxer": {
      "version": "4.3.3",
      "resolved": "https://registry.npmjs.org/mp4-muxer/-/mp4-muxer-4.3.3.tgz",
      "integrity": "sha512-kuZWsEaZorpDAb3JTZmLeCoyDM+Jhf3QPZx7x3V7/zaxy5NC/j2tfWetVjaHG8cSJOMBrHed7p3cKHU6Lxcaxw==",
      "license": "MIT",
      "dependencies": {
        "@types/dom-webcodecs": "^0.1.6",
        "@types/wicg-file-system-access": "^2020.9.5"
      }
    },
    "node_modules/mp4-muxer/node_modules/@types/wicg-file-system-access": {
      "version": "2020.9.8",
      "resolved": "https://registry.npmjs.org/@types/wicg-file-system-access/-/wicg-file-system-access-2020.9.8.tgz",
      "integrity": "sha512-ggMz8nOygG7d/stpH40WVaNvBwuyYLnrg5Mbyf6bmsj/8+gb6Ei4ZZ9/4PNpcPNTT8th9Q8sM8wYmWGjMWLX/A==",
      "license": "MIT"
    },
    "node_modules/nanoid": {
      "version": "3.3.7",
      "dev": true,
      "funding": [
        {
          "type": "github",
          "url": "https://github.com/sponsors/ai"
        }
      ],
      "license": "MIT",
      "bin": {
        "nanoid": "bin/nanoid.cjs"
      },
      "engines": {
        "node": "^10 || ^12 || ^13.7 || ^14 || >=15.0.1"
      }
    },
    "node_modules/parse-svg-path": {
      "version": "0.1.2",
      "resolved": "https://registry.npmjs.org/parse-svg-path/-/parse-svg-path-0.1.2.tgz",
      "integrity": "sha512-JyPSBnkTJ0AI8GGJLfMXvKq42cj5c006fnLz6fXy6zfoVjJizi8BNTpu8on8ziI1cKy9d9DGNuY17Ce7wuejpQ==",
      "license": "MIT",
      "peer": true
    },
    "node_modules/picocolors": {
      "version": "1.0.1",
      "dev": true,
      "license": "ISC"
    },
    "node_modules/picomatch": {
      "version": "2.3.1",
      "resolved": "https://registry.npmjs.org/picomatch/-/picomatch-2.3.1.tgz",
      "integrity": "sha512-JU3teHTNjmE2VCGFzuY8EXzCDVwEqB2a8fsIvwaStHhAWJEeVd1o1QD80CU6+ZdEXXSLbSsuLwJjkCBWqRQUVA==",
      "dev": true,
      "license": "MIT",
      "engines": {
        "node": ">=8.6"
      },
      "funding": {
        "url": "https://github.com/sponsors/jonschlinkert"
      }
    },
    "node_modules/pixi-filters": {
      "version": "6.0.4",
      "resolved": "https://registry.npmjs.org/pixi-filters/-/pixi-filters-6.0.4.tgz",
      "integrity": "sha512-W9SjOTF4yo+v9t5YOBtsWhJoFLLRM6DsIk1C2YBNiQhdyX7J/5UIJtPlTMhZ7wQKoFUiyeUAaCzTEdmw/TVD6w==",
      "peer": true,
      "dependencies": {
        "@types/gradient-parser": "^0.1.2"
      },
      "peerDependencies": {
        "pixi.js": ">=8.0.0-0"
      }
    },
    "node_modules/pixi.js": {
      "version": "8.3.3",
      "resolved": "https://registry.npmjs.org/pixi.js/-/pixi.js-8.3.3.tgz",
      "integrity": "sha512-dpucBKAqEm0K51MQKlXvyIJ40bcxniP82uz4ZPEQejGtPp0P+vueuG5DyArHCkC48mkVE2FEDvyYvBa45/JlQg==",
      "license": "MIT",
      "peer": true,
      "dependencies": {
        "@pixi/colord": "^2.9.6",
        "@types/css-font-loading-module": "^0.0.12",
        "@types/earcut": "^2.1.4",
        "@webgpu/types": "^0.1.40",
        "@xmldom/xmldom": "^0.8.10",
        "earcut": "^2.2.4",
        "eventemitter3": "^5.0.1",
        "ismobilejs": "^1.1.1",
        "parse-svg-path": "^0.1.2"
      }
    },
    "node_modules/postcss": {
      "version": "8.4.41",
      "dev": true,
      "funding": [
        {
          "type": "opencollective",
          "url": "https://opencollective.com/postcss/"
        },
        {
          "type": "tidelift",
          "url": "https://tidelift.com/funding/github/npm/postcss"
        },
        {
          "type": "github",
          "url": "https://github.com/sponsors/ai"
        }
      ],
      "license": "MIT",
      "dependencies": {
        "nanoid": "^3.3.7",
        "picocolors": "^1.0.1",
        "source-map-js": "^1.2.0"
      },
      "engines": {
        "node": "^10 || ^12 || >=14"
      }
    },
    "node_modules/queue-microtask": {
      "version": "1.2.3",
      "resolved": "https://registry.npmjs.org/queue-microtask/-/queue-microtask-1.2.3.tgz",
      "integrity": "sha512-NuaNSa6flKT5JaSYQzJok04JzTL1CA6aGhv5rfLW3PgqA+M2ChpZQnAC8h8i4ZFkBS8X5RqkDBHA7r4hej3K9A==",
      "dev": true,
      "funding": [
        {
          "type": "github",
          "url": "https://github.com/sponsors/feross"
        },
        {
          "type": "patreon",
          "url": "https://www.patreon.com/feross"
        },
        {
          "type": "consulting",
          "url": "https://feross.org/support"
        }
      ],
      "license": "MIT"
    },
    "node_modules/reusify": {
      "version": "1.0.4",
      "resolved": "https://registry.npmjs.org/reusify/-/reusify-1.0.4.tgz",
      "integrity": "sha512-U9nH88a3fc/ekCF1l0/UP1IosiuIjyTh7hBvXVMHYgVcfGvt897Xguj2UOLDeI5BG2m7/uwyaLVT6fbtCwTyzw==",
      "dev": true,
      "license": "MIT",
      "engines": {
        "iojs": ">=1.0.0",
        "node": ">=0.10.0"
      }
    },
    "node_modules/rollup": {
      "version": "4.20.0",
      "dev": true,
      "license": "MIT",
      "dependencies": {
        "@types/estree": "1.0.5"
      },
      "bin": {
        "rollup": "dist/bin/rollup"
      },
      "engines": {
        "node": ">=18.0.0",
        "npm": ">=8.0.0"
      },
      "optionalDependencies": {
        "@rollup/rollup-android-arm-eabi": "4.20.0",
        "@rollup/rollup-android-arm64": "4.20.0",
        "@rollup/rollup-darwin-arm64": "4.20.0",
        "@rollup/rollup-darwin-x64": "4.20.0",
        "@rollup/rollup-linux-arm-gnueabihf": "4.20.0",
        "@rollup/rollup-linux-arm-musleabihf": "4.20.0",
        "@rollup/rollup-linux-arm64-gnu": "4.20.0",
        "@rollup/rollup-linux-arm64-musl": "4.20.0",
        "@rollup/rollup-linux-powerpc64le-gnu": "4.20.0",
        "@rollup/rollup-linux-riscv64-gnu": "4.20.0",
        "@rollup/rollup-linux-s390x-gnu": "4.20.0",
        "@rollup/rollup-linux-x64-gnu": "4.20.0",
        "@rollup/rollup-linux-x64-musl": "4.20.0",
        "@rollup/rollup-win32-arm64-msvc": "4.20.0",
        "@rollup/rollup-win32-ia32-msvc": "4.20.0",
        "@rollup/rollup-win32-x64-msvc": "4.20.0",
        "fsevents": "~2.3.2"
      }
    },
    "node_modules/rollup/node_modules/@rollup/rollup-linux-x64-gnu": {
      "version": "4.20.0",
      "resolved": "https://registry.npmjs.org/@rollup/rollup-linux-x64-gnu/-/rollup-linux-x64-gnu-4.20.0.tgz",
      "integrity": "sha512-y+eoL2I3iphUg9tN9GB6ku1FA8kOfmF4oUEWhztDJ4KXJy1agk/9+pejOuZkNFhRwHAOxMsBPLbXPd6mJiCwew==",
      "cpu": [
        "x64"
      ],
      "dev": true,
      "license": "MIT",
      "optional": true,
      "os": [
        "linux"
      ]
    },
    "node_modules/run-parallel": {
      "version": "1.2.0",
      "resolved": "https://registry.npmjs.org/run-parallel/-/run-parallel-1.2.0.tgz",
      "integrity": "sha512-5l4VyZR86LZ/lDxZTR6jqL8AFE2S0IFLMP26AbjsLVADxHdhB/c0GUsH+y39UfCi3dzz8OlQuPmnaJOMoDHQBA==",
      "dev": true,
      "funding": [
        {
          "type": "github",
          "url": "https://github.com/sponsors/feross"
        },
        {
          "type": "patreon",
          "url": "https://www.patreon.com/feross"
        },
        {
          "type": "consulting",
          "url": "https://feross.org/support"
        }
      ],
      "license": "MIT",
      "dependencies": {
        "queue-microtask": "^1.2.2"
      }
    },
    "node_modules/source-map-js": {
      "version": "1.2.0",
      "dev": true,
      "license": "BSD-3-Clause",
      "engines": {
        "node": ">=0.10.0"
      }
    },
    "node_modules/to-regex-range": {
      "version": "5.0.1",
      "resolved": "https://registry.npmjs.org/to-regex-range/-/to-regex-range-5.0.1.tgz",
      "integrity": "sha512-65P7iz6X5yEr1cwcgvQxbbIw7Uk3gOy5dIdtZ4rDveLqhrdJP+Li/Hx6tyK0NEb+2GCyneCMJiGqrADCSNk8sQ==",
      "dev": true,
      "license": "MIT",
      "dependencies": {
        "is-number": "^7.0.0"
      },
      "engines": {
        "node": ">=8.0"
      }
    },
    "node_modules/typescript": {
      "version": "5.5.4",
      "dev": true,
      "license": "Apache-2.0",
      "bin": {
        "tsc": "bin/tsc",
        "tsserver": "bin/tsserver"
      },
      "engines": {
        "node": ">=14.17"
      }
    },
    "node_modules/vite": {
      "version": "5.4.0",
      "dev": true,
      "license": "MIT",
      "dependencies": {
        "esbuild": "^0.21.3",
        "postcss": "^8.4.40",
        "rollup": "^4.13.0"
      },
      "bin": {
        "vite": "bin/vite.js"
      },
      "engines": {
        "node": "^18.0.0 || >=20.0.0"
      },
      "funding": {
        "url": "https://github.com/vitejs/vite?sponsor=1"
      },
      "optionalDependencies": {
        "fsevents": "~2.3.3"
      },
      "peerDependencies": {
        "@types/node": "^18.0.0 || >=20.0.0",
        "less": "*",
        "lightningcss": "^1.21.0",
        "sass": "*",
        "sass-embedded": "*",
        "stylus": "*",
        "sugarss": "*",
        "terser": "^5.4.0"
      },
      "peerDependenciesMeta": {
        "@types/node": {
          "optional": true
        },
        "less": {
          "optional": true
        },
        "lightningcss": {
          "optional": true
        },
        "sass": {
          "optional": true
        },
        "sass-embedded": {
          "optional": true
        },
        "stylus": {
          "optional": true
        },
        "sugarss": {
          "optional": true
        },
        "terser": {
          "optional": true
        }
      }
    },
    "node_modules/vite-plugin-dynamic-import": {
      "version": "1.5.0",
      "resolved": "https://registry.npmjs.org/vite-plugin-dynamic-import/-/vite-plugin-dynamic-import-1.5.0.tgz",
      "integrity": "sha512-Qp85c+AVJmLa8MLni74U4BDiWpUeFNx7NJqbGZyR2XJOU7mgW0cb7nwlAMucFyM4arEd92Nfxp4j44xPi6Fu7g==",
      "dev": true,
      "license": "MIT",
      "dependencies": {
        "acorn": "^8.8.2",
        "es-module-lexer": "^1.2.1",
        "fast-glob": "^3.2.12",
        "magic-string": "^0.30.1"
      }
    }
  }
}
